
Microsoft Visual Studio Solution File, Format Version 12.00
# Visual Studio Version 17
VisualStudioVersion = 17.11.35312.102
MinimumVisualStudioVersion = 10.0.40219.1
Project("{9A19103F-16F7-4668-BE54-9A1E7A4F7556}") = "FLIP.API", "FLIP.Performance\FLIP.API.csproj", "{B848384F-5D7E-40C4-AB5B-6396F18F924C}"
EndProject
Project("{FAE04EC0-301F-11D3-BF4B-00C04F79EFBC}") = "FLIP.Application", "FLIP.Application\FLIP.Application.csproj", "{FFBC1016-4070-4B2F-B800-F971C4A398CB}"
EndProject
Project("{FAE04EC0-301F-11D3-BF4B-00C04F79EFBC}") = "FLIP.Infrastructure", "FLIP.Insfrastructure\FLIP.Infrastructure.csproj", "{9B4E8CCC-6ADE-4DC9-8510-02A8A65E0922}"
EndProject
Global
	GlobalSection(SolutionConfigurationPlatforms) = preSolution
		Debug|Any CPU = Debug|Any CPU
		Release|Any CPU = Release|Any CPU
	EndGlobalSection
	GlobalSection(ProjectConfigurationPlatforms) = postSolution
		{B848384F-5D7E-40C4-AB5B-6396F18F924C}.Debug|Any CPU.ActiveCfg = Debug|Any CPU
		{B848384F-5D7E-40C4-AB5B-6396F18F924C}.Debug|Any CPU.Build.0 = Debug|Any CPU
		{B848384F-5D7E-40C4-AB5B-6396F18F924C}.Release|Any CPU.ActiveCfg = Release|Any CPU
		{B848384F-5D7E-40C4-AB5B-6396F18F924C}.Release|Any CPU.Build.0 = Release|Any CPU
		{FFBC1016-4070-4B2F-B800-F971C4A398CB}.Debug|Any CPU.ActiveCfg = Debug|Any CPU
		{FFBC1016-4070-4B2F-B800-F971C4A398CB}.Debug|Any CPU.Build.0 = Debug|Any CPU
		{FFBC1016-4070-4B2F-B800-F971C4A398CB}.Release|Any CPU.ActiveCfg = Release|Any CPU
		{FFBC1016-4070-4B2F-B800-F971C4A398CB}.Release|Any CPU.Build.0 = Release|Any CPU
		{9B4E8CCC-6ADE-4DC9-8510-02A8A65E0922}.Debug|Any CPU.ActiveCfg = Debug|Any CPU
		{9B4E8CCC-6ADE-4DC9-8510-02A8A65E0922}.Debug|Any CPU.Build.0 = Debug|Any CPU
		{9B4E8CCC-6ADE-4DC9-8510-02A8A65E0922}.Release|Any CPU.ActiveCfg = Release|Any CPU
		{9B4E8CCC-6ADE-4DC9-8510-02A8A65E0922}.Release|Any CPU.Build.0 = Release|Any CPU
	EndGlobalSection
	GlobalSection(SolutionProperties) = preSolution
		HideSolutionNode = FALSE
	EndGlobalSection
	GlobalSection(ExtensibilityGlobals) = postSolution
		SolutionGuid = {ACF15D4F-56C1-4DC6-8EA5-D3F63368ABD8}
	EndGlobalSection
EndGlobal
